# THIS IS AN AUTOGENERATED FILE. DO NOT EDIT THIS FILE DIRECTLY.
# yarn lockfile v1


"@svouch/pouchdb@^0.0.1-0":
  version "0.0.1-0"
  resolved "https://registry.yarnpkg.com/@svouch/pouchdb/-/pouchdb-0.0.1-0.tgz#b8bb73730a897f993ad1911e486c3fc2125dc53e"
  integrity sha512-DwvOwehrcgfibpZIj00T0l6oe24pmzEKWcA1/NgzHxR/H83JEau1yEP0psIu6g1ijLKGRRFsRvSdya+5oXsc6A==

objectid@1:
  version "1.1.0"
  resolved "https://registry.yarnpkg.com/objectid/-/objectid-1.1.0.tgz#bc9e81b08ed538fd67dfd7a4009e15ac4bc6c0c0"
  integrity sha1-vJ6BsI7VOP1n39ekAJ4VrEvGwMA=

superstruct@^0.12.1:
  version "0.12.1"
  resolved "https://registry.yarnpkg.com/superstruct/-/superstruct-0.12.1.tgz#04293026f3d4a57a4c409efb3c01b353bed1f492"
  integrity sha512-DLb5DmTKv9scfaBiGY9bPZbRZ0x4Ic8lD/qEXPOrsTnQrpRHGEZ77HbgvZOlj6wWW3LH7X8F4siMjR5SFEngiQ==

svelte@^3.31.0:
  version "3.31.0"
  resolved "https://registry.yarnpkg.com/svelte/-/svelte-3.31.0.tgz#13966e5f55b975bc86675469bb2c58dd0e558d97"
  integrity sha512-r+n8UJkDqoQm1b+3tA3Lh6mHXKpcfOSOuEuIo5gE2W9wQYi64RYX/qE6CZBDDsP/H4M+N426JwY7XGH4xASvGQ==
